
Microsoft Visual Studio Solution File, Format Version 12.00
# Visual Studio Version 17
VisualStudioVersion = 17.5.002.0
MinimumVisualStudioVersion = 10.0.40219.1
Project("{9A19103F-16F7-4668-BE54-9A1E7A4F7556}") = "ATV01", "ATV01.csproj", "{73D68843-39A7-4D80-A92A-1E327E94CEBE}"
EndProject
Global
	GlobalSection(SolutionConfigurationPlatforms) = preSolution
		Debug|Any CPU = Debug|Any CPU
		Release|Any CPU = Release|Any CPU
	EndGlobalSection
	GlobalSection(ProjectConfigurationPlatforms) = postSolution
		{73D68843-39A7-4D80-A92A-1E327E94CEBE}.Debug|Any CPU.ActiveCfg = Debug|Any CPU
		{73D68843-39A7-4D80-A92A-1E327E94CEBE}.Debug|Any CPU.Build.0 = Debug|Any CPU
		{73D68843-39A7-4D80-A92A-1E327E94CEBE}.Release|Any CPU.ActiveCfg = Release|Any CPU
		{73D68843-39A7-4D80-A92A-1E327E94CEBE}.Release|Any CPU.Build.0 = Release|Any CPU
	EndGlobalSection
	GlobalSection(SolutionProperties) = preSolution
		HideSolutionNode = FALSE
	EndGlobalSection
	GlobalSection(ExtensibilityGlobals) = postSolution
		SolutionGuid = {EDC1AE6C-CAB8-4047-BC91-34FA1A1745E9}
	EndGlobalSection
EndGlobal
